PODS:
  - Flutter (1.0.0)
  - flutter_headset_detector (2.1.0):
    - Flutter

DEPENDENCIES:
  - Flutter (from `Flutter`)
  - flutter_headset_detector (from `.symlinks/plugins/flutter_headset_detector/ios`)

EXTERNAL SOURCES:
  Flutter:
    :path: Flutter
  flutter_headset_detector:
    :path: ".symlinks/plugins/flutter_headset_detector/ios"

SPEC CHECKSUMS:
  Flutter: 50d75fe2f02b26cc09d224853bb45737f8b3214a
  flutter_headset_detector: 087a64f776342a1fb73d21b68c068182aa60462f

PODFILE CHECKSUM: e855e5c889670ac6759fc26ac7c09b4bff66b4b0

COCOAPODS: 1.10.1
