PODS:
  - Flutter (1.0.0)
  - flutter_headset_detector (1.0.0):
    - Flutter

DEPENDENCIES:
  - Flutter (from `Flutter`)
  - flutter_headset_detector (from `.symlinks/plugins/flutter_headset_detector/ios`)

EXTERNAL SOURCES:
  Flutter:
    :path: Flutter
  flutter_headset_detector:
    :path: ".symlinks/plugins/flutter_headset_detector/ios"

SPEC CHECKSUMS:
  Flutter: 0e3d915762c693b495b44d77113d4970485de6ec
  flutter_headset_detector: f56faf40d8454767dd6e593c9250e29162eda8b1

PODFILE CHECKSUM: e855e5c889670ac6759fc26ac7c09b4bff66b4b0

COCOAPODS: 1.10.1
